
Microsoft Visual Studio Solution File, Format Version 12.00
# Visual Studio Version 17
VisualStudioVersion = 17.0.32014.148
MinimumVisualStudioVersion = 10.0.40219.1
Project("{FAE04EC0-301F-11D3-BF4B-00C04F79EFBC}") = "TRMDataManager", "TRMDataManager\TRMDataManager.csproj", "{568AEEA9-F2EA-4460-909D-742813B8B7FD}"
EndProject
Project("{00D1A9C2-B5F0-4AF3-8072-F6C62B433612}") = "TRMData", "TRMData\TRMData.sqlproj", "{852B8AB9-E51A-45CF-BF89-8D31BA1A58F0}"
EndProject
Project("{FAE04EC0-301F-11D3-BF4B-00C04F79EFBC}") = "TRMDesktopUI", "TRMDesktopUI\TRMDesktopUI.csproj", "{EFF86102-C838-4C6A-8870-3B34BC2D0736}"
EndProject
Project("{FAE04EC0-301F-11D3-BF4B-00C04F79EFBC}") = "TRMDataManager.Library", "TRMDataManager.Library\TRMDataManager.Library.csproj", "{AB8A037D-258D-40D4-8DDF-BBE01DAE1196}"
EndProject
Project("{9A19103F-16F7-4668-BE54-9A1E7A4F7556}") = "TRMDesktopUI.Library", "TRMDesktopUI.Library\TRMDesktopUI.Library.csproj", "{45D91338-5C4B-4A6C-812A-1ED71FDA7461}"
EndProject
Project("{FAE04EC0-301F-11D3-BF4B-00C04F79EFBC}") = "TRMApiv2", "TRMApiv2\TRMApiv2.csproj", "{A4326EF3-06C3-4EB4-922A-67671EFC9CE1}"
EndProject
Global
	GlobalSection(SolutionConfigurationPlatforms) = preSolution
		Debug|Any CPU = Debug|Any CPU
		Release|Any CPU = Release|Any CPU
	EndGlobalSection
	GlobalSection(ProjectConfigurationPlatforms) = postSolution
		{568AEEA9-F2EA-4460-909D-742813B8B7FD}.Debug|Any CPU.ActiveCfg = Debug|Any CPU
		{568AEEA9-F2EA-4460-909D-742813B8B7FD}.Debug|Any CPU.Build.0 = Debug|Any CPU
		{568AEEA9-F2EA-4460-909D-742813B8B7FD}.Release|Any CPU.ActiveCfg = Release|Any CPU
		{568AEEA9-F2EA-4460-909D-742813B8B7FD}.Release|Any CPU.Build.0 = Release|Any CPU
		{852B8AB9-E51A-45CF-BF89-8D31BA1A58F0}.Debug|Any CPU.ActiveCfg = Debug|Any CPU
		{852B8AB9-E51A-45CF-BF89-8D31BA1A58F0}.Debug|Any CPU.Build.0 = Debug|Any CPU
		{852B8AB9-E51A-45CF-BF89-8D31BA1A58F0}.Debug|Any CPU.Deploy.0 = Debug|Any CPU
		{852B8AB9-E51A-45CF-BF89-8D31BA1A58F0}.Release|Any CPU.ActiveCfg = Release|Any CPU
		{852B8AB9-E51A-45CF-BF89-8D31BA1A58F0}.Release|Any CPU.Build.0 = Release|Any CPU
		{852B8AB9-E51A-45CF-BF89-8D31BA1A58F0}.Release|Any CPU.Deploy.0 = Release|Any CPU
		{EFF86102-C838-4C6A-8870-3B34BC2D0736}.Debug|Any CPU.ActiveCfg = Debug|Any CPU
		{EFF86102-C838-4C6A-8870-3B34BC2D0736}.Debug|Any CPU.Build.0 = Debug|Any CPU
		{EFF86102-C838-4C6A-8870-3B34BC2D0736}.Release|Any CPU.ActiveCfg = Release|Any CPU
		{EFF86102-C838-4C6A-8870-3B34BC2D0736}.Release|Any CPU.Build.0 = Release|Any CPU
		{AB8A037D-258D-40D4-8DDF-BBE01DAE1196}.Debug|Any CPU.ActiveCfg = Debug|Any CPU
		{AB8A037D-258D-40D4-8DDF-BBE01DAE1196}.Debug|Any CPU.Build.0 = Debug|Any CPU
		{AB8A037D-258D-40D4-8DDF-BBE01DAE1196}.Release|Any CPU.ActiveCfg = Release|Any CPU
		{AB8A037D-258D-40D4-8DDF-BBE01DAE1196}.Release|Any CPU.Build.0 = Release|Any CPU
		{45D91338-5C4B-4A6C-812A-1ED71FDA7461}.Debug|Any CPU.ActiveCfg = Debug|Any CPU
		{45D91338-5C4B-4A6C-812A-1ED71FDA7461}.Debug|Any CPU.Build.0 = Debug|Any CPU
		{45D91338-5C4B-4A6C-812A-1ED71FDA7461}.Release|Any CPU.ActiveCfg = Release|Any CPU
		{45D91338-5C4B-4A6C-812A-1ED71FDA7461}.Release|Any CPU.Build.0 = Release|Any CPU
		{A4326EF3-06C3-4EB4-922A-67671EFC9CE1}.Debug|Any CPU.ActiveCfg = Debug|Any CPU
		{A4326EF3-06C3-4EB4-922A-67671EFC9CE1}.Debug|Any CPU.Build.0 = Debug|Any CPU
		{A4326EF3-06C3-4EB4-922A-67671EFC9CE1}.Release|Any CPU.ActiveCfg = Release|Any CPU
		{A4326EF3-06C3-4EB4-922A-67671EFC9CE1}.Release|Any CPU.Build.0 = Release|Any CPU
	EndGlobalSection
	GlobalSection(SolutionProperties) = preSolution
		HideSolutionNode = FALSE
	EndGlobalSection
	GlobalSection(ExtensibilityGlobals) = postSolution
		SolutionGuid = {1AAE3E10-DDDC-4B91-8933-A4AE134E7D30}
	EndGlobalSection
EndGlobal
